<?xml version="1.0" encoding="UTF-8"?>
<!DOCTYPE plist PUBLIC "-//Apple//DTD PLIST 1.0//EN" "http://www.apple.com/DTDs/PropertyList-1.0.dtd">
<plist version="1.0">
<dict>
	<key>archiveVersion</key>
	<string>1</string>
	<key>classes</key>
	<dict/>
	<key>objectVersion</key>
	<string>46</string>
	<key>objects</key>
	<dict>
		<key>012ADC8017E75A42006D36EB</key>
		<dict>
			<key>children</key>
			<array>
				<string>012ADCC717E75BCF006D36EB</string>
				<string>012ADCC117E75BA5006D36EB</string>
				<string>012ADCC217E75BA5006D36EB</string>
				<string>012ADCC317E75BA5006D36EB</string>
				<string>012ADCCB17E75CD5006D36EB</string>
				<string>012ADC9217E75A42006D36EB</string>
				<string>012ADCB117E75A42006D36EB</string>
				<string>012ADC8B17E75A42006D36EB</string>
				<string>012ADC8A17E75A42006D36EB</string>
				<string>548F5A3292FB4EA6942D07A0</string>
			</array>
			<key>isa</key>
			<string>PBXGroup</string>
			<key>sourceTree</key>
			<string>&lt;group&gt;</string>
		</dict>
		<key>012ADC8117E75A42006D36EB</key>
		<dict>
			<key>attributes</key>
			<dict>
				<key>CLASSPREFIX</key>
				<string>Mega</string>
				<key>LastUpgradeCheck</key>
				<string>0500</string>
				<key>ORGANIZATIONNAME</key>
				<string>MobFarm</string>
				<key>TargetAttributes</key>
				<dict>
					<key>012ADCA917E75A42006D36EB</key>
					<dict>
						<key>TestTargetID</key>
						<string>012ADC8817E75A42006D36EB</string>
					</dict>
				</dict>
			</dict>
			<key>buildConfigurationList</key>
			<string>012ADC8417E75A42006D36EB</string>
			<key>compatibilityVersion</key>
			<string>Xcode 3.2</string>
			<key>developmentRegion</key>
			<string>English</string>
			<key>hasScannedForEncodings</key>
			<string>0</string>
			<key>isa</key>
			<string>PBXProject</string>
			<key>knownRegions</key>
			<array>
				<string>en</string>
				<string>Base</string>
			</array>
			<key>mainGroup</key>
			<string>012ADC8017E75A42006D36EB</string>
			<key>productRefGroup</key>
			<string>012ADC8A17E75A42006D36EB</string>
			<key>projectDirPath</key>
			<string></string>
			<key>projectReferences</key>
			<array/>
			<key>projectRoot</key>
			<string></string>
			<key>targets</key>
			<array>
				<string>012ADC8817E75A42006D36EB</string>
				<string>012ADCA917E75A42006D36EB</string>
			</array>
		</dict>
		<key>012ADC8417E75A42006D36EB</key>
		<dict>
			<key>buildConfigurations</key>
			<array>
				<string>012ADCB917E75A42006D36EB</string>
				<string>012ADCBA17E75A42006D36EB</string>
			</array>
			<key>defaultConfigurationIsVisible</key>
			<string>0</string>
			<key>defaultConfigurationName</key>
			<string>Release</string>
			<key>isa</key>
			<string>XCConfigurationList</string>
		</dict>
		<key>012ADC8517E75A42006D36EB</key>
		<dict>
			<key>buildActionMask</key>
			<string>2147483647</string>
			<key>files</key>
			<array>
				<string>012ADCCA17E75BCF006D36EB</string>
				<string>012ADCA317E75A42006D36EB</string>
				<string>012ADC9D17E75A42006D36EB</string>
				<string>012ADC9917E75A42006D36EB</string>
			</array>
			<key>isa</key>
			<string>PBXSourcesBuildPhase</string>
			<key>runOnlyForDeploymentPostprocessing</key>
			<string>0</string>
		</dict>
		<key>012ADC8617E75A42006D36EB</key>
		<dict>
			<key>buildActionMask</key>
			<string>2147483647</string>
			<key>files</key>
			<array>
				<string>012ADC8F17E75A42006D36EB</string>
				<string>012ADC9117E75A42006D36EB</string>
				<string>012ADC8D17E75A42006D36EB</string>
				<string>D55A8316FB4A4A268A252280</string>
			</array>
			<key>isa</key>
			<string>PBXFrameworksBuildPhase</string>
			<key>runOnlyForDeploymentPostprocessing</key>
			<string>0</string>
		</dict>
		<key>012ADC8717E75A42006D36EB</key>
		<dict>
			<key>buildActionMask</key>
			<string>2147483647</string>
			<key>files</key>
			<array>
				<string>012ADCC617E75BA5006D36EB</string>
				<string>012ADCA517E75A42006D36EB</string>
				<string>012ADCC517E75BA5006D36EB</string>
				<string>012ADC9717E75A42006D36EB</string>
				<string>012ADCC417E75BA5006D36EB</string>
				<string>012ADCCC17E75CD5006D36EB</string>
				<string>012ADCA017E75A42006D36EB</string>
			</array>
			<key>isa</key>
			<string>PBXResourcesBuildPhase</string>
			<key>runOnlyForDeploymentPostprocessing</key>
			<string>0</string>
		</dict>
		<key>012ADC8817E75A42006D36EB</key>
		<dict>
			<key>buildConfigurationList</key>
			<string>012ADCBB17E75A42006D36EB</string>
			<key>buildPhases</key>
			<array>
				<string>A4EEDFE6B63C4D74A42BF284</string>
				<string>012ADC8517E75A42006D36EB</string>
				<string>012ADC8617E75A42006D36EB</string>
				<string>012ADC8717E75A42006D36EB</string>
				<string>81B74A51DC184CA6AE2A4C0B</string>
			</array>
			<key>buildRules</key>
			<array/>
			<key>dependencies</key>
			<array/>
			<key>isa</key>
			<string>PBXNativeTarget</string>
			<key>name</key>
			<string>MegaLogDemo</string>
			<key>productName</key>
			<string>MegaLog</string>
			<key>productReference</key>
			<string>012ADC8917E75A42006D36EB</string>
			<key>productType</key>
			<string>com.apple.product-type.application</string>
		</dict>
		<key>012ADC8917E75A42006D36EB</key>
		<dict>
			<key>explicitFileType</key>
			<string>wrapper.application</string>
			<key>includeInIndex</key>
			<string>0</string>
			<key>isa</key>
			<string>PBXFileReference</string>
			<key>path</key>
			<string>MegaLogDemo.app</string>
			<key>sourceTree</key>
			<string>BUILT_PRODUCTS_DIR</string>
		</dict>
		<key>012ADC8A17E75A42006D36EB</key>
		<dict>
			<key>children</key>
			<array>
				<string>012ADC8917E75A42006D36EB</string>
				<string>012ADCAA17E75A42006D36EB</string>
			</array>
			<key>isa</key>
			<string>PBXGroup</string>
			<key>name</key>
			<string>Products</string>
			<key>sourceTree</key>
			<string>&lt;group&gt;</string>
		</dict>
		<key>012ADC8B17E75A42006D36EB</key>
		<dict>
			<key>children</key>
			<array>
				<string>012ADC8C17E75A42006D36EB</string>
				<string>012ADC8E17E75A42006D36EB</string>
				<string>012ADC9017E75A42006D36EB</string>
				<string>012ADCAB17E75A42006D36EB</string>
				<string>0C43F6276BA84A39940200FB</string>
			</array>
			<key>isa</key>
			<string>PBXGroup</string>
			<key>name</key>
			<string>Frameworks</string>
			<key>sourceTree</key>
			<string>&lt;group&gt;</string>
		</dict>
		<key>012ADC8C17E75A42006D36EB</key>
		<dict>
			<key>isa</key>
			<string>PBXFileReference</string>
			<key>lastKnownFileType</key>
			<string>wrapper.framework</string>
			<key>name</key>
			<string>Foundation.framework</string>
			<key>path</key>
			<string>System/Library/Frameworks/Foundation.framework</string>
			<key>sourceTree</key>
			<string>SDKROOT</string>
		</dict>
		<key>012ADC8D17E75A42006D36EB</key>
		<dict>
			<key>fileRef</key>
			<string>012ADC8C17E75A42006D36EB</string>
			<key>isa</key>
			<string>PBXBuildFile</string>
		</dict>
		<key>012ADC8E17E75A42006D36EB</key>
		<dict>
			<key>isa</key>
			<string>PBXFileReference</string>
			<key>lastKnownFileType</key>
			<string>wrapper.framework</string>
			<key>name</key>
			<string>CoreGraphics.framework</string>
			<key>path</key>
			<string>System/Library/Frameworks/CoreGraphics.framework</string>
			<key>sourceTree</key>
			<string>SDKROOT</string>
		</dict>
		<key>012ADC8F17E75A42006D36EB</key>
		<dict>
			<key>fileRef</key>
			<string>012ADC8E17E75A42006D36EB</string>
			<key>isa</key>
			<string>PBXBuildFile</string>
		</dict>
		<key>012ADC9017E75A42006D36EB</key>
		<dict>
			<key>isa</key>
			<string>PBXFileReference</string>
			<key>lastKnownFileType</key>
			<string>wrapper.framework</string>
			<key>name</key>
			<string>UIKit.framework</string>
			<key>path</key>
			<string>System/Library/Frameworks/UIKit.framework</string>
			<key>sourceTree</key>
			<string>SDKROOT</string>
		</dict>
		<key>012ADC9117E75A42006D36EB</key>
		<dict>
			<key>fileRef</key>
			<string>012ADC9017E75A42006D36EB</string>
			<key>isa</key>
			<string>PBXBuildFile</string>
		</dict>
		<key>012ADC9217E75A42006D36EB</key>
		<dict>
			<key>children</key>
			<array>
				<string>012ADC9B17E75A42006D36EB</string>
				<string>012ADC9C17E75A42006D36EB</string>
				<string>012ADC9E17E75A42006D36EB</string>
				<string>012ADCA117E75A42006D36EB</string>
				<string>012ADCA217E75A42006D36EB</string>
				<string>012ADCA417E75A42006D36EB</string>
				<string>012ADC9317E75A42006D36EB</string>
			</array>
			<key>isa</key>
			<string>PBXGroup</string>
			<key>path</key>
			<string>MegaLog Demo</string>
			<key>sourceTree</key>
			<string>&lt;group&gt;</string>
		</dict>
		<key>012ADC9317E75A42006D36EB</key>
		<dict>
			<key>children</key>
			<array>
				<string>012ADC9417E75A42006D36EB</string>
				<string>012ADC9517E75A42006D36EB</string>
				<string>012ADC9817E75A42006D36EB</string>
				<string>012ADC9A17E75A42006D36EB</string>
			</array>
			<key>isa</key>
			<string>PBXGroup</string>
			<key>name</key>
			<string>Supporting Files</string>
			<key>sourceTree</key>
			<string>&lt;group&gt;</string>
		</dict>
		<key>012ADC9417E75A42006D36EB</key>
		<dict>
			<key>isa</key>
			<string>PBXFileReference</string>
			<key>lastKnownFileType</key>
			<string>text.plist.xml</string>
			<key>path</key>
			<string>MegaLogDemo-Info.plist</string>
			<key>sourceTree</key>
			<string>&lt;group&gt;</string>
		</dict>
		<key>012ADC9517E75A42006D36EB</key>
		<dict>
			<key>children</key>
			<array>
				<string>012ADC9617E75A42006D36EB</string>
			</array>
			<key>isa</key>
			<string>PBXVariantGroup</string>
			<key>name</key>
			<string>InfoPlist.strings</string>
			<key>sourceTree</key>
			<string>&lt;group&gt;</string>
		</dict>
		<key>012ADC9617E75A42006D36EB</key>
		<dict>
			<key>isa</key>
			<string>PBXFileReference</string>
			<key>lastKnownFileType</key>
			<string>text.plist.strings</string>
			<key>name</key>
			<string>en</string>
			<key>path</key>
			<string>en.lproj/InfoPlist.strings</string>
			<key>sourceTree</key>
			<string>&lt;group&gt;</string>
		</dict>
		<key>012ADC9717E75A42006D36EB</key>
		<dict>
			<key>fileRef</key>
			<string>012ADC9517E75A42006D36EB</string>
			<key>isa</key>
			<string>PBXBuildFile</string>
		</dict>
		<key>012ADC9817E75A42006D36EB</key>
		<dict>
			<key>isa</key>
			<string>PBXFileReference</string>
			<key>lastKnownFileType</key>
			<string>sourcecode.c.objc</string>
			<key>path</key>
			<string>main.m</string>
			<key>sourceTree</key>
			<string>&lt;group&gt;</string>
		</dict>
		<key>012ADC9917E75A42006D36EB</key>
		<dict>
			<key>fileRef</key>
			<string>012ADC9817E75A42006D36EB</string>
			<key>isa</key>
			<string>PBXBuildFile</string>
		</dict>
		<key>012ADC9A17E75A42006D36EB</key>
		<dict>
			<key>isa</key>
			<string>PBXFileReference</string>
			<key>lastKnownFileType</key>
			<string>sourcecode.c.h</string>
			<key>path</key>
			<string>MegaLogDemo-Prefix.pch</string>
			<key>sourceTree</key>
			<string>&lt;group&gt;</string>
		</dict>
		<key>012ADC9B17E75A42006D36EB</key>
		<dict>
			<key>isa</key>
			<string>PBXFileReference</string>
			<key>lastKnownFileType</key>
			<string>sourcecode.c.h</string>
			<key>path</key>
			<string>MegaAppDelegate.h</string>
			<key>sourceTree</key>
			<string>&lt;group&gt;</string>
		</dict>
		<key>012ADC9C17E75A42006D36EB</key>
		<dict>
			<key>isa</key>
			<string>PBXFileReference</string>
			<key>lastKnownFileType</key>
			<string>sourcecode.c.objc</string>
			<key>path</key>
			<string>MegaAppDelegate.m</string>
			<key>sourceTree</key>
			<string>&lt;group&gt;</string>
		</dict>
		<key>012ADC9D17E75A42006D36EB</key>
		<dict>
			<key>fileRef</key>
			<string>012ADC9C17E75A42006D36EB</string>
			<key>isa</key>
			<string>PBXBuildFile</string>
		</dict>
		<key>012ADC9E17E75A42006D36EB</key>
		<dict>
			<key>children</key>
			<array>
				<string>012ADC9F17E75A42006D36EB</string>
			</array>
			<key>isa</key>
			<string>PBXVariantGroup</string>
			<key>name</key>
			<string>Main.storyboard</string>
			<key>sourceTree</key>
			<string>&lt;group&gt;</string>
		</dict>
		<key>012ADC9F17E75A42006D36EB</key>
		<dict>
			<key>isa</key>
			<string>PBXFileReference</string>
			<key>lastKnownFileType</key>
			<string>file.storyboard</string>
			<key>name</key>
			<string>Base</string>
			<key>path</key>
			<string>Base.lproj/Main.storyboard</string>
			<key>sourceTree</key>
			<string>&lt;group&gt;</string>
		</dict>
		<key>012ADCA017E75A42006D36EB</key>
		<dict>
			<key>fileRef</key>
			<string>012ADC9E17E75A42006D36EB</string>
			<key>isa</key>
			<string>PBXBuildFile</string>
		</dict>
		<key>012ADCA117E75A42006D36EB</key>
		<dict>
			<key>isa</key>
			<string>PBXFileReference</string>
			<key>lastKnownFileType</key>
			<string>sourcecode.c.h</string>
			<key>path</key>
			<string>MegaViewController.h</string>
			<key>sourceTree</key>
			<string>&lt;group&gt;</string>
		</dict>
		<key>012ADCA217E75A42006D36EB</key>
		<dict>
			<key>isa</key>
			<string>PBXFileReference</string>
			<key>lastKnownFileType</key>
			<string>sourcecode.c.objc</string>
			<key>path</key>
			<string>MegaViewController.m</string>
			<key>sourceTree</key>
			<string>&lt;group&gt;</string>
		</dict>
		<key>012ADCA317E75A42006D36EB</key>
		<dict>
			<key>fileRef</key>
			<string>012ADCA217E75A42006D36EB</string>
			<key>isa</key>
			<string>PBXBuildFile</string>
		</dict>
		<key>012ADCA417E75A42006D36EB</key>
		<dict>
			<key>isa</key>
			<string>PBXFileReference</string>
			<key>lastKnownFileType</key>
			<string>folder.assetcatalog</string>
			<key>path</key>
			<string>Images.xcassets</string>
			<key>sourceTree</key>
			<string>&lt;group&gt;</string>
		</dict>
		<key>012ADCA517E75A42006D36EB</key>
		<dict>
			<key>fileRef</key>
			<string>012ADCA417E75A42006D36EB</string>
			<key>isa</key>
			<string>PBXBuildFile</string>
		</dict>
		<key>012ADCA617E75A42006D36EB</key>
		<dict>
			<key>buildActionMask</key>
			<string>2147483647</string>
			<key>files</key>
			<array>
				<string>012ADCB817E75A42006D36EB</string>
			</array>
			<key>isa</key>
			<string>PBXSourcesBuildPhase</string>
			<key>runOnlyForDeploymentPostprocessing</key>
			<string>0</string>
		</dict>
		<key>012ADCA717E75A42006D36EB</key>
		<dict>
			<key>buildActionMask</key>
			<string>2147483647</string>
			<key>files</key>
			<array>
				<string>012ADCAC17E75A42006D36EB</string>
				<string>012ADCAE17E75A42006D36EB</string>
				<string>012ADCAD17E75A42006D36EB</string>
			</array>
			<key>isa</key>
			<string>PBXFrameworksBuildPhase</string>
			<key>runOnlyForDeploymentPostprocessing</key>
			<string>0</string>
		</dict>
		<key>012ADCA817E75A42006D36EB</key>
		<dict>
			<key>buildActionMask</key>
			<string>2147483647</string>
			<key>files</key>
			<array>
				<string>012ADCB617E75A42006D36EB</string>
			</array>
			<key>isa</key>
			<string>PBXResourcesBuildPhase</string>
			<key>runOnlyForDeploymentPostprocessing</key>
			<string>0</string>
		</dict>
		<key>012ADCA917E75A42006D36EB</key>
		<dict>
			<key>buildConfigurationList</key>
			<string>012ADCBE17E75A42006D36EB</string>
			<key>buildPhases</key>
			<array>
				<string>012ADCA617E75A42006D36EB</string>
				<string>012ADCA717E75A42006D36EB</string>
				<string>012ADCA817E75A42006D36EB</string>
			</array>
			<key>buildRules</key>
			<array/>
			<key>dependencies</key>
			<array>
				<string>012ADCB017E75A42006D36EB</string>
			</array>
			<key>isa</key>
			<string>PBXNativeTarget</string>
			<key>name</key>
			<string>MegaLogTests</string>
			<key>productName</key>
			<string>MegaLogTests</string>
			<key>productReference</key>
			<string>012ADCAA17E75A42006D36EB</string>
			<key>productType</key>
			<string>com.apple.product-type.bundle.unit-test</string>
		</dict>
		<key>012ADCAA17E75A42006D36EB</key>
		<dict>
			<key>explicitFileType</key>
			<string>wrapper.cfbundle</string>
			<key>includeInIndex</key>
			<string>0</string>
			<key>isa</key>
			<string>PBXFileReference</string>
			<key>path</key>
			<string>MegaLogTests.xctest</string>
			<key>sourceTree</key>
			<string>BUILT_PRODUCTS_DIR</string>
		</dict>
		<key>012ADCAB17E75A42006D36EB</key>
		<dict>
			<key>isa</key>
			<string>PBXFileReference</string>
			<key>lastKnownFileType</key>
			<string>wrapper.framework</string>
			<key>name</key>
			<string>XCTest.framework</string>
			<key>path</key>
			<string>Library/Frameworks/XCTest.framework</string>
			<key>sourceTree</key>
			<string>DEVELOPER_DIR</string>
		</dict>
		<key>012ADCAC17E75A42006D36EB</key>
		<dict>
			<key>fileRef</key>
			<string>012ADCAB17E75A42006D36EB</string>
			<key>isa</key>
			<string>PBXBuildFile</string>
		</dict>
		<key>012ADCAD17E75A42006D36EB</key>
		<dict>
			<key>fileRef</key>
			<string>012ADC8C17E75A42006D36EB</string>
			<key>isa</key>
			<string>PBXBuildFile</string>
		</dict>
		<key>012ADCAE17E75A42006D36EB</key>
		<dict>
			<key>fileRef</key>
			<string>012ADC9017E75A42006D36EB</string>
			<key>isa</key>
			<string>PBXBuildFile</string>
		</dict>
		<key>012ADCAF17E75A42006D36EB</key>
		<dict>
			<key>containerPortal</key>
			<string>012ADC8117E75A42006D36EB</string>
			<key>isa</key>
			<string>PBXContainerItemProxy</string>
			<key>proxyType</key>
			<string>1</string>
			<key>remoteGlobalIDString</key>
			<string>012ADC8817E75A42006D36EB</string>
			<key>remoteInfo</key>
			<string>MegaLog</string>
		</dict>
		<key>012ADCB017E75A42006D36EB</key>
		<dict>
			<key>isa</key>
			<string>PBXTargetDependency</string>
			<key>target</key>
			<string>012ADC8817E75A42006D36EB</string>
			<key>targetProxy</key>
			<string>012ADCAF17E75A42006D36EB</string>
		</dict>
		<key>012ADCB117E75A42006D36EB</key>
		<dict>
			<key>children</key>
			<array>
				<string>012ADCB717E75A42006D36EB</string>
				<string>012ADCB217E75A42006D36EB</string>
			</array>
			<key>isa</key>
			<string>PBXGroup</string>
			<key>path</key>
			<string>MegaLogTests</string>
			<key>sourceTree</key>
			<string>&lt;group&gt;</string>
		</dict>
		<key>012ADCB217E75A42006D36EB</key>
		<dict>
			<key>children</key>
			<array>
				<string>012ADCB317E75A42006D36EB</string>
				<string>012ADCB417E75A42006D36EB</string>
			</array>
			<key>isa</key>
			<string>PBXGroup</string>
			<key>name</key>
			<string>Supporting Files</string>
			<key>sourceTree</key>
			<string>&lt;group&gt;</string>
		</dict>
		<key>012ADCB317E75A42006D36EB</key>
		<dict>
			<key>isa</key>
			<string>PBXFileReference</string>
			<key>lastKnownFileType</key>
			<string>text.plist.xml</string>
			<key>path</key>
			<string>MegaLogTests-Info.plist</string>
			<key>sourceTree</key>
			<string>&lt;group&gt;</string>
		</dict>
		<key>012ADCB417E75A42006D36EB</key>
		<dict>
			<key>children</key>
			<array>
				<string>012ADCB517E75A42006D36EB</string>
			</array>
			<key>isa</key>
			<string>PBXVariantGroup</string>
			<key>name</key>
			<string>InfoPlist.strings</string>
			<key>sourceTree</key>
			<string>&lt;group&gt;</string>
		</dict>
		<key>012ADCB517E75A42006D36EB</key>
		<dict>
			<key>isa</key>
			<string>PBXFileReference</string>
			<key>lastKnownFileType</key>
			<string>text.plist.strings</string>
			<key>name</key>
			<string>en</string>
			<key>path</key>
			<string>en.lproj/InfoPlist.strings</string>
			<key>sourceTree</key>
			<string>&lt;group&gt;</string>
		</dict>
		<key>012ADCB617E75A42006D36EB</key>
		<dict>
			<key>fileRef</key>
			<string>012ADCB417E75A42006D36EB</string>
			<key>isa</key>
			<string>PBXBuildFile</string>
		</dict>
		<key>012ADCB717E75A42006D36EB</key>
		<dict>
			<key>isa</key>
			<string>PBXFileReference</string>
			<key>lastKnownFileType</key>
			<string>sourcecode.c.objc</string>
			<key>path</key>
			<string>MegaLogTests.m</string>
			<key>sourceTree</key>
			<string>&lt;group&gt;</string>
		</dict>
		<key>012ADCB817E75A42006D36EB</key>
		<dict>
			<key>fileRef</key>
			<string>012ADCB717E75A42006D36EB</string>
			<key>isa</key>
			<string>PBXBuildFile</string>
		</dict>
		<key>012ADCB917E75A42006D36EB</key>
		<dict>
			<key>buildSettings</key>
			<dict>
				<key>ALWAYS_SEARCH_USER_PATHS</key>
				<string>NO</string>
				<key>ARCHS</key>
				<string>$(ARCHS_STANDARD_INCLUDING_64_BIT)</string>
				<key>CLANG_CXX_LANGUAGE_STANDARD</key>
				<string>gnu++0x</string>
				<key>CLANG_CXX_LIBRARY</key>
				<string>libc++</string>
				<key>CLANG_ENABLE_MODULES</key>
				<string>YES</string>
				<key>CLANG_ENABLE_OBJC_ARC</key>
				<string>YES</string>
				<key>CLANG_WARN_BOOL_CONVERSION</key>
				<string>YES</string>
				<key>CLANG_WARN_CONSTANT_CONVERSION</key>
				<string>YES</string>
				<key>CLANG_WARN_DIRECT_OBJC_ISA_USAGE</key>
				<string>YES_ERROR</string>
				<key>CLANG_WARN_EMPTY_BODY</key>
				<string>YES</string>
				<key>CLANG_WARN_ENUM_CONVERSION</key>
				<string>YES</string>
				<key>CLANG_WARN_INT_CONVERSION</key>
				<string>YES</string>
				<key>CLANG_WARN_OBJC_ROOT_CLASS</key>
				<string>YES_ERROR</string>
				<key>CLANG_WARN__DUPLICATE_METHOD_MATCH</key>
				<string>YES</string>
				<key>CODE_SIGN_IDENTITY[sdk=iphoneos*]</key>
				<string>iPhone Developer</string>
				<key>COPY_PHASE_STRIP</key>
				<string>NO</string>
				<key>GCC_C_LANGUAGE_STANDARD</key>
				<string>gnu99</string>
				<key>GCC_DYNAMIC_NO_PIC</key>
				<string>NO</string>
				<key>GCC_OPTIMIZATION_LEVEL</key>
				<string>0</string>
				<key>GCC_PREPROCESSOR_DEFINITIONS</key>
				<array>
					<string>DEBUG=1</string>
					<string>$(inherited)</string>
				</array>
				<key>GCC_SYMBOLS_PRIVATE_EXTERN</key>
				<string>NO</string>
				<key>GCC_WARN_64_TO_32_BIT_CONVERSION</key>
				<string>YES</string>
				<key>GCC_WARN_ABOUT_RETURN_TYPE</key>
				<string>YES_ERROR</string>
				<key>GCC_WARN_UNDECLARED_SELECTOR</key>
				<string>YES</string>
				<key>GCC_WARN_UNINITIALIZED_AUTOS</key>
				<string>YES</string>
				<key>GCC_WARN_UNUSED_FUNCTION</key>
				<string>YES</string>
				<key>GCC_WARN_UNUSED_VARIABLE</key>
				<string>YES</string>
				<key>IPHONEOS_DEPLOYMENT_TARGET</key>
				<string>7.0</string>
				<key>ONLY_ACTIVE_ARCH</key>
				<string>YES</string>
				<key>SDKROOT</key>
				<string>iphoneos</string>
				<key>TARGETED_DEVICE_FAMILY</key>
				<string>2</string>
			</dict>
			<key>isa</key>
			<string>XCBuildConfiguration</string>
			<key>name</key>
			<string>Debug</string>
		</dict>
		<key>012ADCBA17E75A42006D36EB</key>
		<dict>
			<key>buildSettings</key>
			<dict>
				<key>ALWAYS_SEARCH_USER_PATHS</key>
				<string>NO</string>
				<key>ARCHS</key>
				<string>$(ARCHS_STANDARD_INCLUDING_64_BIT)</string>
				<key>CLANG_CXX_LANGUAGE_STANDARD</key>
				<string>gnu++0x</string>
				<key>CLANG_CXX_LIBRARY</key>
				<string>libc++</string>
				<key>CLANG_ENABLE_MODULES</key>
				<string>YES</string>
				<key>CLANG_ENABLE_OBJC_ARC</key>
				<string>YES</string>
				<key>CLANG_WARN_BOOL_CONVERSION</key>
				<string>YES</string>
				<key>CLANG_WARN_CONSTANT_CONVERSION</key>
				<string>YES</string>
				<key>CLANG_WARN_DIRECT_OBJC_ISA_USAGE</key>
				<string>YES_ERROR</string>
				<key>CLANG_WARN_EMPTY_BODY</key>
				<string>YES</string>
				<key>CLANG_WARN_ENUM_CONVERSION</key>
				<string>YES</string>
				<key>CLANG_WARN_INT_CONVERSION</key>
				<string>YES</string>
				<key>CLANG_WARN_OBJC_ROOT_CLASS</key>
				<string>YES_ERROR</string>
				<key>CLANG_WARN__DUPLICATE_METHOD_MATCH</key>
				<string>YES</string>
				<key>CODE_SIGN_IDENTITY[sdk=iphoneos*]</key>
				<string>iPhone Developer</string>
				<key>COPY_PHASE_STRIP</key>
				<string>YES</string>
				<key>ENABLE_NS_ASSERTIONS</key>
				<string>NO</string>
				<key>GCC_C_LANGUAGE_STANDARD</key>
				<string>gnu99</string>
				<key>GCC_WARN_64_TO_32_BIT_CONVERSION</key>
				<string>YES</string>
				<key>GCC_WARN_ABOUT_RETURN_TYPE</key>
				<string>YES_ERROR</string>
				<key>GCC_WARN_UNDECLARED_SELECTOR</key>
				<string>YES</string>
				<key>GCC_WARN_UNINITIALIZED_AUTOS</key>
				<string>YES</string>
				<key>GCC_WARN_UNUSED_FUNCTION</key>
				<string>YES</string>
				<key>GCC_WARN_UNUSED_VARIABLE</key>
				<string>YES</string>
				<key>IPHONEOS_DEPLOYMENT_TARGET</key>
				<string>7.0</string>
				<key>SDKROOT</key>
				<string>iphoneos</string>
				<key>TARGETED_DEVICE_FAMILY</key>
				<string>2</string>
				<key>VALIDATE_PRODUCT</key>
				<string>YES</string>
			</dict>
			<key>isa</key>
			<string>XCBuildConfiguration</string>
			<key>name</key>
			<string>Release</string>
		</dict>
		<key>012ADCBB17E75A42006D36EB</key>
		<dict>
			<key>buildConfigurations</key>
			<array>
				<string>012ADCBC17E75A42006D36EB</string>
				<string>012ADCBD17E75A42006D36EB</string>
			</array>
			<key>defaultConfigurationIsVisible</key>
			<string>0</string>
			<key>isa</key>
			<string>XCConfigurationList</string>
		</dict>
		<key>012ADCBC17E75A42006D36EB</key>
		<dict>
			<key>baseConfigurationReference</key>
			<string>548F5A3292FB4EA6942D07A0</string>
			<key>buildSettings</key>
			<dict>
				<key>ASSETCATALOG_COMPILER_APPICON_NAME</key>
				<string>AppIcon</string>
				<key>ASSETCATALOG_COMPILER_LAUNCHIMAGE_NAME</key>
				<string>LaunchImage</string>
				<key>GCC_PRECOMPILE_PREFIX_HEADER</key>
				<string>YES</string>
				<key>GCC_PREFIX_HEADER</key>
				<string>MegaLog Demo/MegaLogDemo-Prefix.pch</string>
				<key>INFOPLIST_FILE</key>
				<string>MegaLog Demo/MegaLogDemo-Info.plist</string>
				<key>PRODUCT_NAME</key>
				<string>$(TARGET_NAME)</string>
				<key>WRAPPER_EXTENSION</key>
				<string>app</string>
			</dict>
			<key>isa</key>
			<string>XCBuildConfiguration</string>
			<key>name</key>
			<string>Debug</string>
		</dict>
		<key>012ADCBD17E75A42006D36EB</key>
		<dict>
			<key>baseConfigurationReference</key>
			<string>548F5A3292FB4EA6942D07A0</string>
			<key>buildSettings</key>
			<dict>
				<key>ASSETCATALOG_COMPILER_APPICON_NAME</key>
				<string>AppIcon</string>
				<key>ASSETCATALOG_COMPILER_LAUNCHIMAGE_NAME</key>
				<string>LaunchImage</string>
				<key>GCC_PRECOMPILE_PREFIX_HEADER</key>
				<string>YES</string>
				<key>GCC_PREFIX_HEADER</key>
				<string>MegaLog Demo/MegaLogDemo-Prefix.pch</string>
				<key>INFOPLIST_FILE</key>
				<string>MegaLog Demo/MegaLogDemo-Info.plist</string>
				<key>PRODUCT_NAME</key>
				<string>$(TARGET_NAME)</string>
				<key>WRAPPER_EXTENSION</key>
				<string>app</string>
			</dict>
			<key>isa</key>
			<string>XCBuildConfiguration</string>
			<key>name</key>
			<string>Release</string>
		</dict>
		<key>012ADCBE17E75A42006D36EB</key>
		<dict>
			<key>buildConfigurations</key>
			<array>
				<string>012ADCBF17E75A42006D36EB</string>
				<string>012ADCC017E75A42006D36EB</string>
			</array>
			<key>defaultConfigurationIsVisible</key>
			<string>0</string>
			<key>isa</key>
			<string>XCConfigurationList</string>
		</dict>
		<key>012ADCBF17E75A42006D36EB</key>
		<dict>
			<key>buildSettings</key>
			<dict>
				<key>ARCHS</key>
				<string>$(ARCHS_STANDARD_INCLUDING_64_BIT)</string>
				<key>BUNDLE_LOADER</key>
				<string>$(BUILT_PRODUCTS_DIR)/MegaLog.app/MegaLog</string>
				<key>FRAMEWORK_SEARCH_PATHS</key>
				<array>
					<string>$(SDKROOT)/Developer/Library/Frameworks</string>
					<string>$(inherited)</string>
					<string>$(DEVELOPER_FRAMEWORKS_DIR)</string>
				</array>
				<key>GCC_PRECOMPILE_PREFIX_HEADER</key>
				<string>YES</string>
				<key>GCC_PREFIX_HEADER</key>
				<string>MegaLog/MegaLog-Prefix.pch</string>
				<key>GCC_PREPROCESSOR_DEFINITIONS</key>
				<array>
					<string>DEBUG=1</string>
					<string>$(inherited)</string>
				</array>
				<key>INFOPLIST_FILE</key>
				<string>MegaLogTests/MegaLogTests-Info.plist</string>
				<key>PRODUCT_NAME</key>
				<string>$(TARGET_NAME)</string>
				<key>TEST_HOST</key>
				<string>$(BUNDLE_LOADER)</string>
				<key>WRAPPER_EXTENSION</key>
				<string>xctest</string>
			</dict>
			<key>isa</key>
			<string>XCBuildConfiguration</string>
			<key>name</key>
			<string>Debug</string>
		</dict>
		<key>012ADCC017E75A42006D36EB</key>
		<dict>
			<key>buildSettings</key>
			<dict>
				<key>ARCHS</key>
				<string>$(ARCHS_STANDARD_INCLUDING_64_BIT)</string>
				<key>BUNDLE_LOADER</key>
				<string>$(BUILT_PRODUCTS_DIR)/MegaLog.app/MegaLog</string>
				<key>FRAMEWORK_SEARCH_PATHS</key>
				<array>
					<string>$(SDKROOT)/Developer/Library/Frameworks</string>
					<string>$(inherited)</string>
					<string>$(DEVELOPER_FRAMEWORKS_DIR)</string>
				</array>
				<key>GCC_PRECOMPILE_PREFIX_HEADER</key>
				<string>YES</string>
				<key>GCC_PREFIX_HEADER</key>
				<string>MegaLog/MegaLog-Prefix.pch</string>
				<key>INFOPLIST_FILE</key>
				<string>MegaLogTests/MegaLogTests-Info.plist</string>
				<key>PRODUCT_NAME</key>
				<string>$(TARGET_NAME)</string>
				<key>TEST_HOST</key>
				<string>$(BUNDLE_LOADER)</string>
				<key>WRAPPER_EXTENSION</key>
				<string>xctest</string>
			</dict>
			<key>isa</key>
			<string>XCBuildConfiguration</string>
			<key>name</key>
			<string>Release</string>
		</dict>
		<key>012ADCC117E75BA5006D36EB</key>
		<dict>
			<key>fileEncoding</key>
			<string>4</string>
			<key>isa</key>
			<string>PBXFileReference</string>
			<key>lastKnownFileType</key>
			<string>text</string>
			<key>path</key>
			<string>LICENSE</string>
			<key>sourceTree</key>
			<string>&lt;group&gt;</string>
		</dict>
		<key>012ADCC217E75BA5006D36EB</key>
		<dict>
			<key>fileEncoding</key>
			<string>4</string>
			<key>isa</key>
			<string>PBXFileReference</string>
			<key>lastKnownFileType</key>
			<string>text</string>
			<key>path</key>
			<string>MFLog.podspec</string>
			<key>sourceTree</key>
			<string>&lt;group&gt;</string>
		</dict>
		<key>012ADCC317E75BA5006D36EB</key>
		<dict>
			<key>fileEncoding</key>
			<string>4</string>
			<key>isa</key>
			<string>PBXFileReference</string>
			<key>lastKnownFileType</key>
			<string>text</string>
			<key>path</key>
			<string>README.md</string>
			<key>sourceTree</key>
			<string>&lt;group&gt;</string>
		</dict>
		<key>012ADCC417E75BA5006D36EB</key>
		<dict>
			<key>fileRef</key>
			<string>012ADCC117E75BA5006D36EB</string>
			<key>isa</key>
			<string>PBXBuildFile</string>
		</dict>
		<key>012ADCC517E75BA5006D36EB</key>
		<dict>
			<key>fileRef</key>
			<string>012ADCC217E75BA5006D36EB</string>
			<key>isa</key>
			<string>PBXBuildFile</string>
		</dict>
		<key>012ADCC617E75BA5006D36EB</key>
		<dict>
			<key>fileRef</key>
			<string>012ADCC317E75BA5006D36EB</string>
			<key>isa</key>
			<string>PBXBuildFile</string>
		</dict>
		<key>012ADCC717E75BCF006D36EB</key>
		<dict>
			<key>children</key>
			<array>
				<string>012ADCC817E75BCF006D36EB</string>
				<string>012ADCC917E75BCF006D36EB</string>
			</array>
			<key>isa</key>
			<string>PBXGroup</string>
			<key>path</key>
			<string>Classes</string>
			<key>sourceTree</key>
			<string>&lt;group&gt;</string>
		</dict>
		<key>012ADCC817E75BCF006D36EB</key>
		<dict>
			<key>fileEncoding</key>
			<string>4</string>
			<key>isa</key>
			<string>PBXFileReference</string>
			<key>lastKnownFileType</key>
			<string>sourcecode.c.h</string>
			<key>path</key>
			<string>Megalog.h</string>
			<key>sourceTree</key>
			<string>&lt;group&gt;</string>
		</dict>
		<key>012ADCC917E75BCF006D36EB</key>
		<dict>
			<key>fileEncoding</key>
			<string>4</string>
			<key>isa</key>
			<string>PBXFileReference</string>
			<key>lastKnownFileType</key>
			<string>sourcecode.c.objc</string>
			<key>path</key>
			<string>Megalog.m</string>
			<key>sourceTree</key>
			<string>&lt;group&gt;</string>
		</dict>
		<key>012ADCCA17E75BCF006D36EB</key>
		<dict>
			<key>fileRef</key>
			<string>012ADCC917E75BCF006D36EB</string>
			<key>isa</key>
			<string>PBXBuildFile</string>
		</dict>
		<key>012ADCCB17E75CD5006D36EB</key>
		<dict>
			<key>fileEncoding</key>
			<string>4</string>
			<key>isa</key>
			<string>PBXFileReference</string>
			<key>lastKnownFileType</key>
			<string>text</string>
			<key>path</key>
			<string>Podfile</string>
			<key>sourceTree</key>
			<string>&lt;group&gt;</string>
		</dict>
		<key>012ADCCC17E75CD5006D36EB</key>
		<dict>
			<key>fileRef</key>
			<string>012ADCCB17E75CD5006D36EB</string>
			<key>isa</key>
			<string>PBXBuildFile</string>
		</dict>
		<key>0C43F6276BA84A39940200FB</key>
		<dict>
			<key>explicitFileType</key>
			<string>archive.ar</string>
			<key>includeInIndex</key>
			<string>0</string>
			<key>isa</key>
			<string>PBXFileReference</string>
			<key>path</key>
			<string>libPods.a</string>
			<key>sourceTree</key>
			<string>BUILT_PRODUCTS_DIR</string>
		</dict>
		<key>548F5A3292FB4EA6942D07A0</key>
		<dict>
			<key>includeInIndex</key>
			<string>1</string>
			<key>isa</key>
			<string>PBXFileReference</string>
			<key>lastKnownFileType</key>
			<string>text.xcconfig</string>
			<key>name</key>
			<string>Pods.xcconfig</string>
			<key>path</key>
			<string>Pods/Pods.xcconfig</string>
			<key>sourceTree</key>
			<string>&lt;group&gt;</string>
		</dict>
		<key>81B74A51DC184CA6AE2A4C0B</key>
		<dict>
			<key>buildActionMask</key>
			<string>2147483647</string>
			<key>files</key>
			<array/>
			<key>inputPaths</key>
			<array/>
			<key>isa</key>
			<string>PBXShellScriptBuildPhase</string>
			<key>name</key>
			<string>Copy Pods Resources</string>
			<key>outputPaths</key>
			<array/>
			<key>runOnlyForDeploymentPostprocessing</key>
			<string>0</string>
			<key>shellPath</key>
			<string>/bin/sh</string>
			<key>shellScript</key>
			<string>"${SRCROOT}/Pods/Pods-resources.sh"
</string>
			<key>showEnvVarsInLog</key>
			<string>0</string>
		</dict>
		<key>A4EEDFE6B63C4D74A42BF284</key>
		<dict>
			<key>buildActionMask</key>
			<string>2147483647</string>
			<key>files</key>
			<array/>
			<key>inputPaths</key>
			<array/>
			<key>isa</key>
			<string>PBXShellScriptBuildPhase</string>
			<key>name</key>
			<string>Check Pods Manifest.lock</string>
			<key>outputPaths</key>
			<array/>
			<key>runOnlyForDeploymentPostprocessing</key>
			<string>0</string>
			<key>shellPath</key>
			<string>/bin/sh</string>
			<key>shellScript</key>
			<string>diff "${PODS_ROOT}/../Podfile.lock" "${PODS_ROOT}/Manifest.lock" &gt; /dev/null
if [[ $? != 0 ]] ; then
    cat &lt;&lt; EOM
error: The sandbox is not in sync with the Podfile.lock. Run 'pod install' or update your CocoaPods installation.
EOM
    exit 1
fi
</string>
			<key>showEnvVarsInLog</key>
			<string>0</string>
		</dict>
		<key>D55A8316FB4A4A268A252280</key>
		<dict>
			<key>fileRef</key>
			<string>0C43F6276BA84A39940200FB</string>
			<key>isa</key>
			<string>PBXBuildFile</string>
		</dict>
	</dict>
	<key>rootObject</key>
	<string>012ADC8117E75A42006D36EB</string>
</dict>
</plist>
